
Microsoft Visual Studio Solution File, Format Version 12.00
# Visual Studio Version 17
VisualStudioVersion = 17.4.33213.308
MinimumVisualStudioVersion = 10.0.40219.1
Project("{FAE04EC0-301F-11D3-BF4B-00C04F79EFBC}") = "CSharp_HourManagementApp2", "CSharp_HourManagementApp2\CSharp_HourManagementApp2.csproj", "{2D355275-48E2-4EC9-9A0A-0172C546CFD5}"
EndProject
Global
	GlobalSection(SolutionConfigurationPlatforms) = preSolution
		Debug|Any CPU = Debug|Any CPU
		Release|Any CPU = Release|Any CPU
	EndGlobalSection
	GlobalSection(ProjectConfigurationPlatforms) = postSolution
		{2D355275-48E2-4EC9-9A0A-0172C546CFD5}.Debug|Any CPU.ActiveCfg = Debug|Any CPU
		{2D355275-48E2-4EC9-9A0A-0172C546CFD5}.Debug|Any CPU.Build.0 = Debug|Any CPU
		{2D355275-48E2-4EC9-9A0A-0172C546CFD5}.Release|Any CPU.ActiveCfg = Release|Any CPU
		{2D355275-48E2-4EC9-9A0A-0172C546CFD5}.Release|Any CPU.Build.0 = Release|Any CPU
	EndGlobalSection
	GlobalSection(SolutionProperties) = preSolution
		HideSolutionNode = FALSE
	EndGlobalSection
	GlobalSection(ExtensibilityGlobals) = postSolution
		SolutionGuid = {BC013AE4-AC17-46EB-9493-884F3168A787}
	EndGlobalSection
EndGlobal
